
Microsoft Visual Studio Solution File, Format Version 12.00
# Visual Studio Version 17
VisualStudioVersion = 17.0.31903.59
MinimumVisualStudioVersion = 10.0.40219.1
Project("{2150E333-8FDC-42A3-9474-1A3956D46DE8}") = "SriTel.ApiGateway", "SriTel.ApiGateway", "{09C94C97-7F62-4DD8-800C-FB0E3022DAF4}"
EndProject
Project("{2150E333-8FDC-42A3-9474-1A3956D46DE8}") = "SriTel.Microservices", "SriTel.Microservices", "{CE94D292-250D-45DC-8B9D-93A0762D6E8E}"
EndProject
Project("{FAE04EC0-301F-11D3-BF4B-00C04F79EFBC}") = "Billing.Service", "SriTel.Microservices\Billing.Service\Billing.Service.csproj", "{F133932B-AB53-4739-9A43-D8E61834D5D3}"
EndProject
Project("{2150E333-8FDC-42A3-9474-1A3956D46DE8}") = "SriTel.Shared", "SriTel.Shared", "{FCE5910B-5F05-4BEF-886A-6AF67F47862F}"
EndProject
Project("{2150E333-8FDC-42A3-9474-1A3956D46DE8}") = "SriTel.Infrastructure", "SriTel.Infrastructure", "{AEC0B1FD-0766-4147-A9A0-6E7BDA6BB73B}"
EndProject
Project("{FAE04EC0-301F-11D3-BF4B-00C04F79EFBC}") = "Customer.Service", "SriTel.Microservices\Customer.Service\Customer.Service.csproj", "{4E642A12-58E3-47E0-BD0C-0F8B032B2468}"
EndProject
Project("{FAE04EC0-301F-11D3-BF4B-00C04F79EFBC}") = "Notification.Service", "SriTel.Microservices\Notification.Service\Notification.Service.csproj", "{F6E8244D-6E41-4672-B9F8-E4A59E46E3CD}"
EndProject
Project("{FAE04EC0-301F-11D3-BF4B-00C04F79EFBC}") = "Payment.Service", "SriTel.Microservices\Payment.Service\Payment.Service.csproj", "{55ACEDB6-1210-49D8-BC2E-2B34D70DA64A}"
EndProject
Project("{FAE04EC0-301F-11D3-BF4B-00C04F79EFBC}") = "Shipping.Service", "SriTel.Microservices\Shipping.Service\Shipping.Service.csproj", "{302DA796-64E5-45CA-8AD3-463236807FE9}"
EndProject
Project("{FAE04EC0-301F-11D3-BF4B-00C04F79EFBC}") = "SriTel.ApiGateway", "SriTel.ApiGateway\SriTel.ApiGateway\SriTel.ApiGateway.csproj", "{BD8D5078-E4F1-410C-ADE6-CF12A1753CF3}"
EndProject
Project("{FAE04EC0-301F-11D3-BF4B-00C04F79EFBC}") = "SriTel.Infrastructure", "SriTel.Infrastructure\SriTel.Infrastructure\SriTel.Infrastructure.csproj", "{36F31C09-E321-4FF3-988E-2B3641CCB17D}"
EndProject
Project("{FAE04EC0-301F-11D3-BF4B-00C04F79EFBC}") = "SriTel.Shared", "SriTel.Shared\SriTel.Shared\SriTel.Shared.csproj", "{84FEABD0-28F7-45D3-9C68-C9B75517F87D}"
EndProject
Global
	GlobalSection(SolutionConfigurationPlatforms) = preSolution
		Debug|Any CPU = Debug|Any CPU
		Release|Any CPU = Release|Any CPU
	EndGlobalSection
	GlobalSection(ProjectConfigurationPlatforms) = postSolution
		{F133932B-AB53-4739-9A43-D8E61834D5D3}.Debug|Any CPU.ActiveCfg = Debug|Any CPU
		{F133932B-AB53-4739-9A43-D8E61834D5D3}.Debug|Any CPU.Build.0 = Debug|Any CPU
		{F133932B-AB53-4739-9A43-D8E61834D5D3}.Release|Any CPU.ActiveCfg = Release|Any CPU
		{F133932B-AB53-4739-9A43-D8E61834D5D3}.Release|Any CPU.Build.0 = Release|Any CPU
		{4E642A12-58E3-47E0-BD0C-0F8B032B2468}.Debug|Any CPU.ActiveCfg = Debug|Any CPU
		{4E642A12-58E3-47E0-BD0C-0F8B032B2468}.Debug|Any CPU.Build.0 = Debug|Any CPU
		{4E642A12-58E3-47E0-BD0C-0F8B032B2468}.Release|Any CPU.ActiveCfg = Release|Any CPU
		{4E642A12-58E3-47E0-BD0C-0F8B032B2468}.Release|Any CPU.Build.0 = Release|Any CPU
		{F6E8244D-6E41-4672-B9F8-E4A59E46E3CD}.Debug|Any CPU.ActiveCfg = Debug|Any CPU
		{F6E8244D-6E41-4672-B9F8-E4A59E46E3CD}.Debug|Any CPU.Build.0 = Debug|Any CPU
		{F6E8244D-6E41-4672-B9F8-E4A59E46E3CD}.Release|Any CPU.ActiveCfg = Release|Any CPU
		{F6E8244D-6E41-4672-B9F8-E4A59E46E3CD}.Release|Any CPU.Build.0 = Release|Any CPU
		{55ACEDB6-1210-49D8-BC2E-2B34D70DA64A}.Debug|Any CPU.ActiveCfg = Debug|Any CPU
		{55ACEDB6-1210-49D8-BC2E-2B34D70DA64A}.Debug|Any CPU.Build.0 = Debug|Any CPU
		{55ACEDB6-1210-49D8-BC2E-2B34D70DA64A}.Release|Any CPU.ActiveCfg = Release|Any CPU
		{55ACEDB6-1210-49D8-BC2E-2B34D70DA64A}.Release|Any CPU.Build.0 = Release|Any CPU
		{302DA796-64E5-45CA-8AD3-463236807FE9}.Debug|Any CPU.ActiveCfg = Debug|Any CPU
		{302DA796-64E5-45CA-8AD3-463236807FE9}.Debug|Any CPU.Build.0 = Debug|Any CPU
		{302DA796-64E5-45CA-8AD3-463236807FE9}.Release|Any CPU.ActiveCfg = Release|Any CPU
		{302DA796-64E5-45CA-8AD3-463236807FE9}.Release|Any CPU.Build.0 = Release|Any CPU
		{BD8D5078-E4F1-410C-ADE6-CF12A1753CF3}.Debug|Any CPU.ActiveCfg = Debug|Any CPU
		{BD8D5078-E4F1-410C-ADE6-CF12A1753CF3}.Debug|Any CPU.Build.0 = Debug|Any CPU
		{BD8D5078-E4F1-410C-ADE6-CF12A1753CF3}.Release|Any CPU.ActiveCfg = Release|Any CPU
		{BD8D5078-E4F1-410C-ADE6-CF12A1753CF3}.Release|Any CPU.Build.0 = Release|Any CPU
		{36F31C09-E321-4FF3-988E-2B3641CCB17D}.Debug|Any CPU.ActiveCfg = Debug|Any CPU
		{36F31C09-E321-4FF3-988E-2B3641CCB17D}.Debug|Any CPU.Build.0 = Debug|Any CPU
		{36F31C09-E321-4FF3-988E-2B3641CCB17D}.Release|Any CPU.ActiveCfg = Release|Any CPU
		{36F31C09-E321-4FF3-988E-2B3641CCB17D}.Release|Any CPU.Build.0 = Release|Any CPU
		{84FEABD0-28F7-45D3-9C68-C9B75517F87D}.Debug|Any CPU.ActiveCfg = Debug|Any CPU
		{84FEABD0-28F7-45D3-9C68-C9B75517F87D}.Debug|Any CPU.Build.0 = Debug|Any CPU
		{84FEABD0-28F7-45D3-9C68-C9B75517F87D}.Release|Any CPU.ActiveCfg = Release|Any CPU
		{84FEABD0-28F7-45D3-9C68-C9B75517F87D}.Release|Any CPU.Build.0 = Release|Any CPU
	EndGlobalSection
	GlobalSection(SolutionProperties) = preSolution
		HideSolutionNode = FALSE
	EndGlobalSection
	GlobalSection(NestedProjects) = preSolution
		{F133932B-AB53-4739-9A43-D8E61834D5D3} = {CE94D292-250D-45DC-8B9D-93A0762D6E8E}
		{4E642A12-58E3-47E0-BD0C-0F8B032B2468} = {CE94D292-250D-45DC-8B9D-93A0762D6E8E}
		{F6E8244D-6E41-4672-B9F8-E4A59E46E3CD} = {CE94D292-250D-45DC-8B9D-93A0762D6E8E}
		{55ACEDB6-1210-49D8-BC2E-2B34D70DA64A} = {CE94D292-250D-45DC-8B9D-93A0762D6E8E}
		{302DA796-64E5-45CA-8AD3-463236807FE9} = {CE94D292-250D-45DC-8B9D-93A0762D6E8E}
		{BD8D5078-E4F1-410C-ADE6-CF12A1753CF3} = {09C94C97-7F62-4DD8-800C-FB0E3022DAF4}
		{36F31C09-E321-4FF3-988E-2B3641CCB17D} = {AEC0B1FD-0766-4147-A9A0-6E7BDA6BB73B}
		{84FEABD0-28F7-45D3-9C68-C9B75517F87D} = {FCE5910B-5F05-4BEF-886A-6AF67F47862F}
	EndGlobalSection
EndGlobal
