
Microsoft Visual Studio Solution File, Format Version 12.00
# Visual Studio Version 17
VisualStudioVersion = 17.0.31903.59
MinimumVisualStudioVersion = 10.0.40219.1
Project("{FAE04EC0-301F-11D3-BF4B-00C04F79EFBC}") = "Billing.API", "Billing.API\Billing.API.csproj", "{39504D02-EEA5-471E-BF61-83937CD8ED69}"
EndProject
Project("{FAE04EC0-301F-11D3-BF4B-00C04F79EFBC}") = "Billing.Domain", "Billing.Domain\Billing.Domain.csproj", "{D47FC935-717F-4472-9760-3A2CE2F9DD2C}"
EndProject
Project("{FAE04EC0-301F-11D3-BF4B-00C04F79EFBC}") = "Billing.Application", "Billing.Application\Billing.Application.csproj", "{E4F5B43B-B235-447B-B003-697AC2E6358A}"
EndProject
Project("{FAE04EC0-301F-11D3-BF4B-00C04F79EFBC}") = "Billing.Infrastructure", "Billing.Infrastructure\Billing.Infrastructure.csproj", "{F60D33F3-84CB-466E-8104-4BF8A1964A3D}"
EndProject
Project("{FAE04EC0-301F-11D3-BF4B-00C04F79EFBC}") = "Billing.Tests", "Billing.Tests\Billing.Tests.csproj", "{A7205B4E-822E-4931-B1E9-4B8BEB5BA313}"
EndProject
Global
	GlobalSection(SolutionConfigurationPlatforms) = preSolution
		Debug|Any CPU = Debug|Any CPU
		Release|Any CPU = Release|Any CPU
	EndGlobalSection
	GlobalSection(SolutionProperties) = preSolution
		HideSolutionNode = FALSE
	EndGlobalSection
	GlobalSection(ProjectConfigurationPlatforms) = postSolution
		{39504D02-EEA5-471E-BF61-83937CD8ED69}.Debug|Any CPU.ActiveCfg = Debug|Any CPU
		{39504D02-EEA5-471E-BF61-83937CD8ED69}.Debug|Any CPU.Build.0 = Debug|Any CPU
		{39504D02-EEA5-471E-BF61-83937CD8ED69}.Release|Any CPU.ActiveCfg = Release|Any CPU
		{39504D02-EEA5-471E-BF61-83937CD8ED69}.Release|Any CPU.Build.0 = Release|Any CPU
		{D47FC935-717F-4472-9760-3A2CE2F9DD2C}.Debug|Any CPU.ActiveCfg = Debug|Any CPU
		{D47FC935-717F-4472-9760-3A2CE2F9DD2C}.Debug|Any CPU.Build.0 = Debug|Any CPU
		{D47FC935-717F-4472-9760-3A2CE2F9DD2C}.Release|Any CPU.ActiveCfg = Release|Any CPU
		{D47FC935-717F-4472-9760-3A2CE2F9DD2C}.Release|Any CPU.Build.0 = Release|Any CPU
		{E4F5B43B-B235-447B-B003-697AC2E6358A}.Debug|Any CPU.ActiveCfg = Debug|Any CPU
		{E4F5B43B-B235-447B-B003-697AC2E6358A}.Debug|Any CPU.Build.0 = Debug|Any CPU
		{E4F5B43B-B235-447B-B003-697AC2E6358A}.Release|Any CPU.ActiveCfg = Release|Any CPU
		{E4F5B43B-B235-447B-B003-697AC2E6358A}.Release|Any CPU.Build.0 = Release|Any CPU
		{F60D33F3-84CB-466E-8104-4BF8A1964A3D}.Debug|Any CPU.ActiveCfg = Debug|Any CPU
		{F60D33F3-84CB-466E-8104-4BF8A1964A3D}.Debug|Any CPU.Build.0 = Debug|Any CPU
		{F60D33F3-84CB-466E-8104-4BF8A1964A3D}.Release|Any CPU.ActiveCfg = Release|Any CPU
		{F60D33F3-84CB-466E-8104-4BF8A1964A3D}.Release|Any CPU.Build.0 = Release|Any CPU
		{A7205B4E-822E-4931-B1E9-4B8BEB5BA313}.Debug|Any CPU.ActiveCfg = Debug|Any CPU
		{A7205B4E-822E-4931-B1E9-4B8BEB5BA313}.Debug|Any CPU.Build.0 = Debug|Any CPU
		{A7205B4E-822E-4931-B1E9-4B8BEB5BA313}.Release|Any CPU.ActiveCfg = Release|Any CPU
		{A7205B4E-822E-4931-B1E9-4B8BEB5BA313}.Release|Any CPU.Build.0 = Release|Any CPU
	EndGlobalSection
EndGlobal
