
Microsoft Visual Studio Solution File, Format Version 12.00
# Visual Studio Version 17
VisualStudioVersion = 17.0.31903.59
MinimumVisualStudioVersion = 10.0.40219.1
Project("{FAE04EC0-301F-11D3-BF4B-00C04F79EFBC}") = "Payment.Api", "Payment.API\Payment.Api.csproj", "{88DF92B9-080D-4D53-807C-F842CC3A24A9}"
EndProject
Project("{FAE04EC0-301F-11D3-BF4B-00C04F79EFBC}") = "Payment.Application", "Payment.Application\Payment.Application.csproj", "{6E25DB38-CCEF-4247-9921-6CDF76B3A124}"
EndProject
Project("{FAE04EC0-301F-11D3-BF4B-00C04F79EFBC}") = "Payment.Domain", "Payment.Domain\Payment.Domain.csproj", "{512CDACA-9E44-4338-8EBB-947BA5F506DF}"
EndProject
Project("{FAE04EC0-301F-11D3-BF4B-00C04F79EFBC}") = "Payment.Infrastructure", "Payment.Infrastructure\Payment.Infrastructure.csproj", "{346EA402-8458-43FA-860D-BB016AF120AD}"
EndProject
Project("{FAE04EC0-301F-11D3-BF4B-00C04F79EFBC}") = "Payment.Tests", "Payment.Tests\Payment.Tests.csproj", "{BE039218-A459-49A6-A6E8-4AFC9303171F}"
EndProject
Global
	GlobalSection(SolutionConfigurationPlatforms) = preSolution
		Debug|Any CPU = Debug|Any CPU
		Release|Any CPU = Release|Any CPU
	EndGlobalSection
	GlobalSection(SolutionProperties) = preSolution
		HideSolutionNode = FALSE
	EndGlobalSection
	GlobalSection(ProjectConfigurationPlatforms) = postSolution
		{88DF92B9-080D-4D53-807C-F842CC3A24A9}.Debug|Any CPU.ActiveCfg = Debug|Any CPU
		{88DF92B9-080D-4D53-807C-F842CC3A24A9}.Debug|Any CPU.Build.0 = Debug|Any CPU
		{88DF92B9-080D-4D53-807C-F842CC3A24A9}.Release|Any CPU.ActiveCfg = Release|Any CPU
		{88DF92B9-080D-4D53-807C-F842CC3A24A9}.Release|Any CPU.Build.0 = Release|Any CPU
		{6E25DB38-CCEF-4247-9921-6CDF76B3A124}.Debug|Any CPU.ActiveCfg = Debug|Any CPU
		{6E25DB38-CCEF-4247-9921-6CDF76B3A124}.Debug|Any CPU.Build.0 = Debug|Any CPU
		{6E25DB38-CCEF-4247-9921-6CDF76B3A124}.Release|Any CPU.ActiveCfg = Release|Any CPU
		{6E25DB38-CCEF-4247-9921-6CDF76B3A124}.Release|Any CPU.Build.0 = Release|Any CPU
		{512CDACA-9E44-4338-8EBB-947BA5F506DF}.Debug|Any CPU.ActiveCfg = Debug|Any CPU
		{512CDACA-9E44-4338-8EBB-947BA5F506DF}.Debug|Any CPU.Build.0 = Debug|Any CPU
		{512CDACA-9E44-4338-8EBB-947BA5F506DF}.Release|Any CPU.ActiveCfg = Release|Any CPU
		{512CDACA-9E44-4338-8EBB-947BA5F506DF}.Release|Any CPU.Build.0 = Release|Any CPU
		{346EA402-8458-43FA-860D-BB016AF120AD}.Debug|Any CPU.ActiveCfg = Debug|Any CPU
		{346EA402-8458-43FA-860D-BB016AF120AD}.Debug|Any CPU.Build.0 = Debug|Any CPU
		{346EA402-8458-43FA-860D-BB016AF120AD}.Release|Any CPU.ActiveCfg = Release|Any CPU
		{346EA402-8458-43FA-860D-BB016AF120AD}.Release|Any CPU.Build.0 = Release|Any CPU
		{BE039218-A459-49A6-A6E8-4AFC9303171F}.Debug|Any CPU.ActiveCfg = Debug|Any CPU
		{BE039218-A459-49A6-A6E8-4AFC9303171F}.Debug|Any CPU.Build.0 = Debug|Any CPU
		{BE039218-A459-49A6-A6E8-4AFC9303171F}.Release|Any CPU.ActiveCfg = Release|Any CPU
		{BE039218-A459-49A6-A6E8-4AFC9303171F}.Release|Any CPU.Build.0 = Release|Any CPU
	EndGlobalSection
EndGlobal
